
Microsoft Visual Studio Solution File, Format Version 12.00
# Visual Studio Version 16
VisualStudioVersion = 16.0.29025.244
MinimumVisualStudioVersion = 10.0.40219.1
Project("{FAE04EC0-301F-11D3-BF4B-00C04F79EFBC}") = "EFCoreAndMVC", "EFCoreAndMVC\EFCoreAndMVC.csproj", "{4372C97E-4FB8-45C7-A833-BF83FA046000}"
EndProject
Global
	GlobalSection(SolutionConfigurationPlatforms) = preSolution
		Debug|Any CPU = Debug|Any CPU
		Release|Any CPU = Release|Any CPU
	EndGlobalSection
	GlobalSection(ProjectConfigurationPlatforms) = postSolution
		{4372C97E-4FB8-45C7-A833-BF83FA046000}.Debug|Any CPU.ActiveCfg = Debug|Any CPU
		{4372C97E-4FB8-45C7-A833-BF83FA046000}.Debug|Any CPU.Build.0 = Debug|Any CPU
		{4372C97E-4FB8-45C7-A833-BF83FA046000}.Release|Any CPU.ActiveCfg = Release|Any CPU
		{4372C97E-4FB8-45C7-A833-BF83FA046000}.Release|Any CPU.Build.0 = Release|Any CPU
	EndGlobalSection
	GlobalSection(SolutionProperties) = preSolution
		HideSolutionNode = FALSE
	EndGlobalSection
	GlobalSection(ExtensibilityGlobals) = postSolution
		SolutionGuid = {18588BF4-EDD5-42E6-86F1-741AB4AA41C6}
	EndGlobalSection
EndGlobal
