
Microsoft Visual Studio Solution File, Format Version 12.00
# Visual Studio 15
VisualStudioVersion = 15.0.28307.705
MinimumVisualStudioVersion = 10.0.40219.1
Project("{9A19103F-16F7-4668-BE54-9A1E7A4F7556}") = "EFCoreAndMVC", "EFCoreAndMVC\EFCoreAndMVC.csproj", "{4372C97E-4FB8-45C7-A833-BF83FA046000}"
EndProject
Project("{2150E333-8FDC-42A3-9474-1A3956D46DE8}") = ".NetCore路由设置", ".NetCore路由设置", "{0E924521-DDE1-4771-8F34-856837CD669A}"
EndProject
Project("{FAE04EC0-301F-11D3-BF4B-00C04F79EFBC}") = "RouterSetting", "RouterSetting\RouterSetting.csproj", "{933F00BE-F84E-419F-B735-A0E890FEB213}"
EndProject
Global
	GlobalSection(SolutionConfigurationPlatforms) = preSolution
		Debug|Any CPU = Debug|Any CPU
		Release|Any CPU = Release|Any CPU
	EndGlobalSection
	GlobalSection(ProjectConfigurationPlatforms) = postSolution
		{4372C97E-4FB8-45C7-A833-BF83FA046000}.Debug|Any CPU.ActiveCfg = Debug|Any CPU
		{4372C97E-4FB8-45C7-A833-BF83FA046000}.Debug|Any CPU.Build.0 = Debug|Any CPU
		{4372C97E-4FB8-45C7-A833-BF83FA046000}.Release|Any CPU.ActiveCfg = Release|Any CPU
		{4372C97E-4FB8-45C7-A833-BF83FA046000}.Release|Any CPU.Build.0 = Release|Any CPU
		{933F00BE-F84E-419F-B735-A0E890FEB213}.Debug|Any CPU.ActiveCfg = Debug|Any CPU
		{933F00BE-F84E-419F-B735-A0E890FEB213}.Debug|Any CPU.Build.0 = Debug|Any CPU
		{933F00BE-F84E-419F-B735-A0E890FEB213}.Release|Any CPU.ActiveCfg = Release|Any CPU
		{933F00BE-F84E-419F-B735-A0E890FEB213}.Release|Any CPU.Build.0 = Release|Any CPU
	EndGlobalSection
	GlobalSection(SolutionProperties) = preSolution
		HideSolutionNode = FALSE
	EndGlobalSection
	GlobalSection(NestedProjects) = preSolution
		{933F00BE-F84E-419F-B735-A0E890FEB213} = {0E924521-DDE1-4771-8F34-856837CD669A}
	EndGlobalSection
	GlobalSection(ExtensibilityGlobals) = postSolution
		SolutionGuid = {18588BF4-EDD5-42E6-86F1-741AB4AA41C6}
	EndGlobalSection
EndGlobal
